
Microsoft Visual Studio Solution File, Format Version 12.00
# Visual Studio Version 16
VisualStudioVersion = 16.0.30330.147
MinimumVisualStudioVersion = 10.0.40219.1
Project("{FAE04EC0-301F-11D3-BF4B-00C04F79EFBC}") = "ProductEnum", "ProductEnum\ProductEnum.csproj", "{8E85ED8B-B340-4A21-A4D4-98FB46554E37}"
EndProject
Global
	GlobalSection(SolutionConfigurationPlatforms) = preSolution
		Debug|Any CPU = Debug|Any CPU
		Release|Any CPU = Release|Any CPU
	EndGlobalSection
	GlobalSection(ProjectConfigurationPlatforms) = postSolution
		{8E85ED8B-B340-4A21-A4D4-98FB46554E37}.Debug|Any CPU.ActiveCfg = Debug|Any CPU
		{8E85ED8B-B340-4A21-A4D4-98FB46554E37}.Debug|Any CPU.Build.0 = Debug|Any CPU
		{8E85ED8B-B340-4A21-A4D4-98FB46554E37}.Release|Any CPU.ActiveCfg = Release|Any CPU
		{8E85ED8B-B340-4A21-A4D4-98FB46554E37}.Release|Any CPU.Build.0 = Release|Any CPU
	EndGlobalSection
	GlobalSection(SolutionProperties) = preSolution
		HideSolutionNode = FALSE
	EndGlobalSection
	GlobalSection(ExtensibilityGlobals) = postSolution
		SolutionGuid = {51F605CA-EA85-46E4-A100-2757CB908749}
	EndGlobalSection
EndGlobal
